
Microsoft Visual Studio Solution File, Format Version 12.00
# Visual Studio Version 17
VisualStudioVersion = 17.11.35327.3
MinimumVisualStudioVersion = 10.0.40219.1
Project("{FAE04EC0-301F-11D3-BF4B-00C04F79EFBC}") = "InventoryManager", "WindowsFormsApp1\InventoryManager.csproj", "{A22FA8D7-A625-4866-ACF3-47BB9FD1CED4}"
EndProject
Project("{2150E333-8FDC-42A3-9474-1A3956D46DE8}") = "Solution Items", "Solution Items", "{6F05811E-AB3A-4A40-8419-FAD535EECA77}"
	ProjectSection(SolutionItems) = preProject
		.editorconfig = .editorconfig
	EndProjectSection
EndProject
Global
	GlobalSection(SolutionConfigurationPlatforms) = preSolution
		Debug|Any CPU = Debug|Any CPU
		Release|Any CPU = Release|Any CPU
	EndGlobalSection
	GlobalSection(ProjectConfigurationPlatforms) = postSolution
		{A22FA8D7-A625-4866-ACF3-47BB9FD1CED4}.Debug|Any CPU.ActiveCfg = Debug|Any CPU
		{A22FA8D7-A625-4866-ACF3-47BB9FD1CED4}.Debug|Any CPU.Build.0 = Debug|Any CPU
		{A22FA8D7-A625-4866-ACF3-47BB9FD1CED4}.Release|Any CPU.ActiveCfg = Release|Any CPU
		{A22FA8D7-A625-4866-ACF3-47BB9FD1CED4}.Release|Any CPU.Build.0 = Release|Any CPU
	EndGlobalSection
	GlobalSection(SolutionProperties) = preSolution
		HideSolutionNode = FALSE
	EndGlobalSection
	GlobalSection(ExtensibilityGlobals) = postSolution
		SolutionGuid = {2C855A70-2EEE-4059-9F6F-E90A5C75CEAE}
	EndGlobalSection
EndGlobal
