
Microsoft Visual Studio Solution File, Format Version 12.00
# Visual Studio Version 17
VisualStudioVersion = 17.11.35327.3
MinimumVisualStudioVersion = 10.0.40219.1
Project("{FAE04EC0-301F-11D3-BF4B-00C04F79EFBC}") = "ConsoleInventoryManagerV2", "ConsoleInventoryManagerV2\ConsoleInventoryManagerV2.csproj", "{6E83A26F-761F-4F31-96F0-2C27276D0691}"
EndProject
Global
	GlobalSection(SolutionConfigurationPlatforms) = preSolution
		Debug|Any CPU = Debug|Any CPU
		Release|Any CPU = Release|Any CPU
	EndGlobalSection
	GlobalSection(ProjectConfigurationPlatforms) = postSolution
		{6E83A26F-761F-4F31-96F0-2C27276D0691}.Debug|Any CPU.ActiveCfg = Debug|Any CPU
		{6E83A26F-761F-4F31-96F0-2C27276D0691}.Debug|Any CPU.Build.0 = Debug|Any CPU
		{6E83A26F-761F-4F31-96F0-2C27276D0691}.Release|Any CPU.ActiveCfg = Release|Any CPU
		{6E83A26F-761F-4F31-96F0-2C27276D0691}.Release|Any CPU.Build.0 = Release|Any CPU
	EndGlobalSection
	GlobalSection(SolutionProperties) = preSolution
		HideSolutionNode = FALSE
	EndGlobalSection
	GlobalSection(ExtensibilityGlobals) = postSolution
		SolutionGuid = {5C172E81-1F4B-4FB6-88E2-50F1EB23B6A4}
	EndGlobalSection
EndGlobal
