
Microsoft Visual Studio Solution File, Format Version 12.00
# Visual Studio Version 17
VisualStudioVersion = 17.11.35327.3
MinimumVisualStudioVersion = 10.0.40219.1
Project("{FAE04EC0-301F-11D3-BF4B-00C04F79EFBC}") = "ConsoleInventoryManager", "ConsoleInventoryManager\ConsoleInventoryManager.csproj", "{59D1DFCD-223A-4AF7-BE62-FFB2F8B43F72}"
EndProject
Global
	GlobalSection(SolutionConfigurationPlatforms) = preSolution
		Debug|Any CPU = Debug|Any CPU
		Release|Any CPU = Release|Any CPU
	EndGlobalSection
	GlobalSection(ProjectConfigurationPlatforms) = postSolution
		{59D1DFCD-223A-4AF7-BE62-FFB2F8B43F72}.Debug|Any CPU.ActiveCfg = Debug|Any CPU
		{59D1DFCD-223A-4AF7-BE62-FFB2F8B43F72}.Debug|Any CPU.Build.0 = Debug|Any CPU
		{59D1DFCD-223A-4AF7-BE62-FFB2F8B43F72}.Release|Any CPU.ActiveCfg = Release|Any CPU
		{59D1DFCD-223A-4AF7-BE62-FFB2F8B43F72}.Release|Any CPU.Build.0 = Release|Any CPU
	EndGlobalSection
	GlobalSection(SolutionProperties) = preSolution
		HideSolutionNode = FALSE
	EndGlobalSection
	GlobalSection(ExtensibilityGlobals) = postSolution
		SolutionGuid = {0E00D500-1723-4715-B23C-8561BCA71247}
	EndGlobalSection
EndGlobal
